// !$*UTF8*$!
{
	archiveVersion = 1;
	classes = {
	};
	objectVersion = 46;
	objects = {

/* Begin PBXBuildFile section */
		5868797F1A0547870002316B /* Foundation.framework in Frameworks */ = {isa = PBXBuildFile; fileRef = 5868797E1A0547870002316B /* Foundation.framework */; };
		586879821A0547870002316B /* main.m in Sources */ = {isa = PBXBuildFile; fileRef = 586879811A0547870002316B /* main.m */; };
		586879861A0547870002316B /* CLEasyModelExample.1 in CopyFiles */ = {isa = PBXBuildFile; fileRef = 586879851A0547870002316B /* CLEasyModelExample.1 */; };
		5868798F1A05481E0002316B /* NSObject+CLEasyModel.m in Sources */ = {isa = PBXBuildFile; fileRef = 5868798E1A05481E0002316B /* NSObject+CLEasyModel.m */; };
/* End PBXBuildFile section */

/* Begin PBXCopyFilesBuildPhase section */
		586879791A0547870002316B /* CopyFiles */ = {
			isa = PBXCopyFilesBuildPhase;
			buildActionMask = 2147483647;
			dstPath = /usr/share/man/man1/;
			dstSubfolderSpec = 0;
			files = (
				586879861A0547870002316B /* CLEasyModelExample.1 in CopyFiles */,
			);
			runOnlyForDeploymentPostprocessing = 1;
		};
/* End PBXCopyFilesBuildPhase section */

/* Begin PBXFileReference section */
		5868797B1A0547870002316B /* CLEasyModelExample */ = {isa = PBXFileReference; explicitFileType = "compiled.mach-o.executable"; includeInIndex = 0; path = CLEasyModelExample; sourceTree = BUILT_PRODUCTS_DIR; };
		5868797E1A0547870002316B /* Foundation.framework */ = {isa = PBXFileReference; lastKnownFileType = wrapper.framework; name = Foundation.framework; path = System/Library/Frameworks/Foundation.framework; sourceTree = SDKROOT; };
		586879811A0547870002316B /* main.m */ = {isa = PBXFileReference; lastKnownFileType = sourcecode.c.objc; path = main.m; sourceTree = "<group>"; };
		586879841A0547870002316B /* CLEasyModelExample-Prefix.pch */ = {isa = PBXFileReference; lastKnownFileType = sourcecode.c.h; path = "CLEasyModelExample-Prefix.pch"; sourceTree = "<group>"; };
		586879851A0547870002316B /* CLEasyModelExample.1 */ = {isa = PBXFileReference; lastKnownFileType = text.man; path = CLEasyModelExample.1; sourceTree = "<group>"; };
		5868798D1A05481E0002316B /* NSObject+CLEasyModel.h */ = {isa = PBXFileReference; fileEncoding = 4; lastKnownFileType = sourcecode.c.h; path = "NSObject+CLEasyModel.h"; sourceTree = "<group>"; };
		5868798E1A05481E0002316B /* NSObject+CLEasyModel.m */ = {isa = PBXFileReference; fileEncoding = 4; lastKnownFileType = sourcecode.c.objc; path = "NSObject+CLEasyModel.m"; sourceTree = "<group>"; };
/* End PBXFileReference section */

/* Begin PBXFrameworksBuildPhase section */
		586879781A0547870002316B /* Frameworks */ = {
			isa = PBXFrameworksBuildPhase;
			buildActionMask = 2147483647;
			files = (
				5868797F1A0547870002316B /* Foundation.framework in Frameworks */,
			);
			runOnlyForDeploymentPostprocessing = 0;
		};
/* End PBXFrameworksBuildPhase section */

/* Begin PBXGroup section */
		586879721A0547870002316B = {
			isa = PBXGroup;
			children = (
				586879801A0547870002316B /* CLEasyModelExample */,
				5868797D1A0547870002316B /* Frameworks */,
				5868797C1A0547870002316B /* Products */,
			);
			sourceTree = "<group>";
		};
		5868797C1A0547870002316B /* Products */ = {
			isa = PBXGroup;
			children = (
				5868797B1A0547870002316B /* CLEasyModelExample */,
			);
			name = Products;
			sourceTree = "<group>";
		};
		5868797D1A0547870002316B /* Frameworks */ = {
			isa = PBXGroup;
			children = (
				5868797E1A0547870002316B /* Foundation.framework */,
			);
			name = Frameworks;
			sourceTree = "<group>";
		};
		586879801A0547870002316B /* CLEasyModelExample */ = {
			isa = PBXGroup;
			children = (
				5868798C1A05481E0002316B /* CLEasyModel */,
				586879811A0547870002316B /* main.m */,
				586879851A0547870002316B /* CLEasyModelExample.1 */,
				586879831A0547870002316B /* Supporting Files */,
			);
			path = CLEasyModelExample;
			sourceTree = "<group>";
		};
		586879831A0547870002316B /* Supporting Files */ = {
			isa = PBXGroup;
			children = (
				586879841A0547870002316B /* CLEasyModelExample-Prefix.pch */,
			);
			name = "Supporting Files";
			sourceTree = "<group>";
		};
		5868798C1A05481E0002316B /* CLEasyModel */ = {
			isa = PBXGroup;
			children = (
				5868798D1A05481E0002316B /* NSObject+CLEasyModel.h */,
				5868798E1A05481E0002316B /* NSObject+CLEasyModel.m */,
			);
			path = CLEasyModel;
			sourceTree = "<group>";
		};
/* End PBXGroup section */

/* Begin PBXNativeTarget section */
		5868797A1A0547870002316B /* CLEasyModelExample */ = {
			isa = PBXNativeTarget;
			buildConfigurationList = 586879891A0547870002316B /* Build configuration list for PBXNativeTarget "CLEasyModelExample" */;
			buildPhases = (
				586879771A0547870002316B /* Sources */,
				586879781A0547870002316B /* Frameworks */,
				586879791A0547870002316B /* CopyFiles */,
			);
			buildRules = (
			);
			dependencies = (
			);
			name = CLEasyModelExample;
			productName = CLEasyModelExample;
			productReference = 5868797B1A0547870002316B /* CLEasyModelExample */;
			productType = "com.apple.product-type.tool";
		};
/* End PBXNativeTarget section */

/* Begin PBXProject section */
		586879731A0547870002316B /* Project object */ = {
			isa = PBXProject;
			attributes = {
				LastUpgradeCheck = 0510;
				ORGANIZATIONNAME = unknown;
			};
			buildConfigurationList = 586879761A0547870002316B /* Build configuration list for PBXProject "CLEasyModelExample" */;
			compatibilityVersion = "Xcode 3.2";
			developmentRegion = English;
			hasScannedForEncodings = 0;
			knownRegions = (
				en,
			);
			mainGroup = 586879721A0547870002316B;
			productRefGroup = 5868797C1A0547870002316B /* Products */;
			projectDirPath = "";
			projectRoot = "";
			targets = (
				5868797A1A0547870002316B /* CLEasyModelExample */,
			);
		};
/* End PBXProject section */

/* Begin PBXSourcesBuildPhase section */
		586879771A0547870002316B /* Sources */ = {
			isa = PBXSourcesBuildPhase;
			buildActionMask = 2147483647;
			files = (
				5868798F1A05481E0002316B /* NSObject+CLEasyModel.m in Sources */,
				586879821A0547870002316B /* main.m in Sources */,
			);
			runOnlyForDeploymentPostprocessing = 0;
		};
/* End PBXSourcesBuildPhase section */

/* Begin XCBuildConfiguration section */
		586879871A0547870002316B /* Debug */ = {
			isa = XCBuildConfiguration;
			buildSettings = {
				ALWAYS_SEARCH_USER_PATHS = NO;
				CLANG_CXX_LANGUAGE_STANDARD = "gnu++0x";
				CLANG_CXX_LIBRARY = "libc++";
				CLANG_ENABLE_MODULES = YES;
				CLANG_ENABLE_OBJC_ARC = YES;
				CLANG_WARN_BOOL_CONVERSION = YES;
				CLANG_WARN_CONSTANT_CONVERSION = YES;
				CLANG_WARN_DIRECT_OBJC_ISA_USAGE = YES_ERROR;
				CLANG_WARN_EMPTY_BODY = YES;
				CLANG_WARN_ENUM_CONVERSION = YES;
				CLANG_WARN_INT_CONVERSION = YES;
				CLANG_WARN_OBJC_ROOT_CLASS = YES_ERROR;
				CLANG_WARN__DUPLICATE_METHOD_MATCH = YES;
				COPY_PHASE_STRIP = NO;
				GCC_C_LANGUAGE_STANDARD = gnu99;
				GCC_DYNAMIC_NO_PIC = NO;
				GCC_ENABLE_OBJC_EXCEPTIONS = YES;
				GCC_OPTIMIZATION_LEVEL = 0;
				GCC_PREPROCESSOR_DEFINITIONS = (
					"DEBUG=1",
					"$(inherited)",
				);
				GCC_SYMBOLS_PRIVATE_EXTERN = NO;
				GCC_WARN_64_TO_32_BIT_CONVERSION = YES;
				GCC_WARN_ABOUT_RETURN_TYPE = YES_ERROR;
				GCC_WARN_UNDECLARED_SELECTOR = YES;
				GCC_WARN_UNINITIALIZED_AUTOS = YES_AGGRESSIVE;
				GCC_WARN_UNUSED_FUNCTION = YES;
				GCC_WARN_UNUSED_VARIABLE = YES;
				MACOSX_DEPLOYMENT_TARGET = 10.10;
				ONLY_ACTIVE_ARCH = YES;
				SDKROOT = macosx;
			};
			name = Debug;
		};
		586879881A0547870002316B /* Release */ = {
			isa = XCBuildConfiguration;
			buildSettings = {
				ALWAYS_SEARCH_USER_PATHS = NO;
				CLANG_CXX_LANGUAGE_STANDARD = "gnu++0x";
				CLANG_CXX_LIBRARY = "libc++";
				CLANG_ENABLE_MODULES = YES;
				CLANG_ENABLE_OBJC_ARC = YES;
				CLANG_WARN_BOOL_CONVERSION = YES;
				CLANG_WARN_CONSTANT_CONVERSION = YES;
				CLANG_WARN_DIRECT_OBJC_ISA_USAGE = YES_ERROR;
				CLANG_WARN_EMPTY_BODY = YES;
				CLANG_WARN_ENUM_CONVERSION = YES;
				CLANG_WARN_INT_CONVERSION = YES;
				CLANG_WARN_OBJC_ROOT_CLASS = YES_ERROR;
				CLANG_WARN__DUPLICATE_METHOD_MATCH = YES;
				COPY_PHASE_STRIP = YES;
				DEBUG_INFORMATION_FORMAT = "dwarf-with-dsym";
				ENABLE_NS_ASSERTIONS = NO;
				GCC_C_LANGUAGE_STANDARD = gnu99;
				GCC_ENABLE_OBJC_EXCEPTIONS = YES;
				GCC_WARN_64_TO_32_BIT_CONVERSION = YES;
				GCC_WARN_ABOUT_RETURN_TYPE = YES_ERROR;
				GCC_WARN_UNDECLARED_SELECTOR = YES;
				GCC_WARN_UNINITIALIZED_AUTOS = YES_AGGRESSIVE;
				GCC_WARN_UNUSED_FUNCTION = YES;
				GCC_WARN_UNUSED_VARIABLE = YES;
				MACOSX_DEPLOYMENT_TARGET = 10.10;
				SDKROOT = macosx;
			};
			name = Release;
		};
		5868798A1A0547870002316B /* Debug */ = {
			isa = XCBuildConfiguration;
			buildSettings = {
				GCC_PRECOMPILE_PREFIX_HEADER = YES;
				GCC_PREFIX_HEADER = "CLEasyModelExample/CLEasyModelExample-Prefix.pch";
				PRODUCT_NAME = "$(TARGET_NAME)";
			};
			name = Debug;
		};
		5868798B1A0547870002316B /* Release */ = {
			isa = XCBuildConfiguration;
			buildSettings = {
				GCC_PRECOMPILE_PREFIX_HEADER = YES;
				GCC_PREFIX_HEADER = "CLEasyModelExample/CLEasyModelExample-Prefix.pch";
				PRODUCT_NAME = "$(TARGET_NAME)";
			};
			name = Release;
		};
/* End XCBuildConfiguration section */

/* Begin XCConfigurationList section */
		586879761A0547870002316B /* Build configuration list for PBXProject "CLEasyModelExample" */ = {
			isa = XCConfigurationList;
			buildConfigurations = (
				586879871A0547870002316B /* Debug */,
				586879881A0547870002316B /* Release */,
			);
			defaultConfigurationIsVisible = 0;
			defaultConfigurationName = Release;
		};
		586879891A0547870002316B /* Build configuration list for PBXNativeTarget "CLEasyModelExample" */ = {
			isa = XCConfigurationList;
			buildConfigurations = (
				5868798A1A0547870002316B /* Debug */,
				5868798B1A0547870002316B /* Release */,
			);
			defaultConfigurationIsVisible = 0;
		};
/* End XCConfigurationList section */
	};
	rootObject = 586879731A0547870002316B /* Project object */;
}
